<?xml version="1.0" encoding="utf-8"?>
<Project ToolsVersion="4.0" xmlns="http://schemas.microsoft.com/developer/msbuild/2003">
  <ItemGroup>
    <Filter Include="Source Files">
      <UniqueIdentifier>{4FC737F1-C7A5-4376-A066-2A32D752A2FF}</UniqueIdentifier>
      <Extensions>cpp;c;cc;cxx;def;odl;idl;hpj;bat;asm;asmx</Extensions>
    </Filter>
    <Filter Include="Header Files">
      <UniqueIdentifier>{93995380-89BD-4b04-88EB-625FBE52EBFB}</UniqueIdentifier>
      <Extensions>h;hpp;hxx;hm;inl;inc;xsd</Extensions>
    </Filter>
    <Filter Include="Header Files\core">
      <UniqueIdentifier>{eb35fdbb-9b4e-4e45-bef0-d08e843a5266}</UniqueIdentifier>
    </Filter>
    <Filter Include="Header Files\data">
      <UniqueIdentifier>{7ff4ca68-8bc1-4bb6-bdeb-dcc32288657e}</UniqueIdentifier>
    </Filter>
    <Filter Include="Header Files\input">
      <UniqueIdentifier>{4db00883-5e93-495f-962a-435a3b8cf0ec}</UniqueIdentifier>
    </Filter>
    <Filter Include="Header Files\input\inih">
      <UniqueIdentifier>{a3a10d9c-9bf1-495f-8900-d9fc98392659}</UniqueIdentifier>
    </Filter>
    <Filter Include="Header Files\interpolator">
      <UniqueIdentifier>{45a43b5f-cb3e-4655-98f3-3377e158c2eb}</UniqueIdentifier>
    </Filter>
    <Filter Include="Header Files\models">
      <UniqueIdentifier>{3e807a3f-0e12-4b2f-8b8c-9c23829adc7b}</UniqueIdentifier>
    </Filter>
    <Filter Include="Header Files\visitors">
      <UniqueIdentifier>{05de3caa-409d-4734-b6e0-b04555d0e4ac}</UniqueIdentifier>
    </Filter>
    <Filter Include="Source Files\core">
      <UniqueIdentifier>{183af15b-75cf-430e-9f54-b875d6dc6e6b}</UniqueIdentifier>
    </Filter>
    <Filter Include="Source Files\input">
      <UniqueIdentifier>{bfbe4704-16b6-4253-a220-03f3b7a409a6}</UniqueIdentifier>
    </Filter>
    <Filter Include="Source Files\models">
      <UniqueIdentifier>{17f7c7dd-b403-4b29-8d51-a38ad3438c27}</UniqueIdentifier>
    </Filter>
    <Filter Include="Source Files\visitors">
      <UniqueIdentifier>{9f3e6000-f167-4ac6-89ea-48ed9f36259b}</UniqueIdentifier>
    </Filter>
    <Filter Include="Source Files\input\inih">
      <UniqueIdentifier>{07f51205-447d-4d5e-9c80-b7deb7de7de1}</UniqueIdentifier>
    </Filter>
    <Filter Include="Source Files\testing">
      <UniqueIdentifier>{39614501-a682-4f76-9a13-7484012ab48e}</UniqueIdentifier>
    </Filter>
    <Filter Include="Source Files\data">
      <UniqueIdentifier>{871fd7ec-d3f6-4952-afa5-0eb4956ea5ff}</UniqueIdentifier>
    </Filter>
    <Filter Include="Source Files\components">
      <UniqueIdentifier>{1f62c47f-e4fb-49e3-8c18-4d0a213c55d7}</UniqueIdentifier>
    </Filter>
    <Filter Include="Header Files\component">
      <UniqueIdentifier>{3afdc2dd-6077-4ca8-9e93-e6bbc2ab886b}</UniqueIdentifier>
    </Filter>
  </ItemGroup>
  <ItemGroup>
    <ClInclude Include="..\..\..\headers\dependency_finder.hpp">
      <Filter>Header Files</Filter>
    </ClInclude>
    <ClInclude Include="..\..\..\headers\h_exception.hpp">
      <Filter>Header Files</Filter>
    </ClInclude>
    <ClInclude Include="..\..\..\headers\h_units.hpp">
      <Filter>Header Files</Filter>
    </ClInclude>
    <ClInclude Include="..\..\..\headers\h_util.hpp">
      <Filter>Header Files</Filter>
    </ClInclude>
    <ClInclude Include="..\..\..\headers\logger.hpp">
      <Filter>Header Files</Filter>
    </ClInclude>
    <ClInclude Include="..\..\..\headers\data\tseries.hpp">
      <Filter>Header Files\data</Filter>
    </ClInclude>
    <ClInclude Include="..\..\..\headers\data\unitval.hpp">
      <Filter>Header Files\data</Filter>
    </ClInclude>
    <ClInclude Include="..\..\..\headers\input\csv_table_reader.hpp">
      <Filter>Header Files\input</Filter>
    </ClInclude>
    <ClInclude Include="..\..\..\headers\input\h_reader.hpp">
      <Filter>Header Files\input</Filter>
    </ClInclude>
    <ClInclude Include="..\..\..\headers\input\ini_to_core_reader.hpp">
      <Filter>Header Files\input</Filter>
    </ClInclude>
    <ClInclude Include="..\..\..\headers\input\inih\ini.h">
      <Filter>Header Files\input\inih</Filter>
    </ClInclude>
    <ClInclude Include="..\..\..\headers\input\inih\INIReader.h">
      <Filter>Header Files\input\inih</Filter>
    </ClInclude>
    <ClInclude Include="..\..\..\headers\interpolator\h_interpolator.hpp">
      <Filter>Header Files\interpolator</Filter>
    </ClInclude>
    <ClInclude Include="..\..\..\headers\models\carbon-cycle-model.hpp">
      <Filter>Header Files\models</Filter>
    </ClInclude>
    <ClInclude Include="..\..\..\headers\models\ocean_csys.hpp">
      <Filter>Header Files\models</Filter>
    </ClInclude>
    <ClInclude Include="..\..\..\headers\visitors\csv_output_visitor.hpp">
      <Filter>Header Files\visitors</Filter>
    </ClInclude>
    <ClInclude Include="..\..\..\headers\visitors\csv_outputstream_visitor.hpp">
      <Filter>Header Files\visitors</Filter>
    </ClInclude>
    <ClInclude Include="..\..\..\headers\visitors\ini_restart_visitor.hpp">
      <Filter>Header Files\visitors</Filter>
    </ClInclude>
    <ClInclude Include="..\..\..\headers\models\oceanbox.hpp">
      <Filter>Header Files\models</Filter>
    </ClInclude>
    <ClInclude Include="..\..\..\headers\data\message_data.hpp">
      <Filter>Header Files\data</Filter>
    </ClInclude>
    <ClInclude Include="..\..\..\headers\models\simpleNbox.hpp">
      <Filter>Header Files\models</Filter>
    </ClInclude>
    <ClInclude Include="..\..\..\headers\components\bc_component.hpp">
      <Filter>Header Files\component</Filter>
    </ClInclude>
    <ClInclude Include="..\..\..\headers\components\ch4_component.hpp">
      <Filter>Header Files\component</Filter>
    </ClInclude>
    <ClInclude Include="..\..\..\headers\components\component_data.hpp">
      <Filter>Header Files\component</Filter>
    </ClInclude>
    <ClInclude Include="..\..\..\headers\components\component_names.hpp">
      <Filter>Header Files\component</Filter>
    </ClInclude>
    <ClInclude Include="..\..\..\headers\components\dummy_model_component.hpp">
      <Filter>Header Files\component</Filter>
    </ClInclude>
    <ClInclude Include="..\..\..\headers\components\forcing_component.hpp">
      <Filter>Header Files\component</Filter>
    </ClInclude>
    <ClInclude Include="..\..\..\headers\components\halocarbon_component.hpp">
      <Filter>Header Files\component</Filter>
    </ClInclude>
    <ClInclude Include="..\..\..\headers\components\imodel_component.hpp">
      <Filter>Header Files\component</Filter>
    </ClInclude>
    <ClInclude Include="..\..\..\headers\components\n2o_component.hpp">
      <Filter>Header Files\component</Filter>
    </ClInclude>
    <ClInclude Include="..\..\..\headers\components\o3_component.hpp">
      <Filter>Header Files\component</Filter>
    </ClInclude>
    <ClInclude Include="..\..\..\headers\components\oc_component.hpp">
      <Filter>Header Files\component</Filter>
    </ClInclude>
    <ClInclude Include="..\..\..\headers\components\ocean_component.hpp">
      <Filter>Header Files\component</Filter>
    </ClInclude>
    <ClInclude Include="..\..\..\headers\components\onelineocean_component.hpp">
      <Filter>Header Files\component</Filter>
    </ClInclude>
    <ClInclude Include="..\..\..\headers\components\slr_component.hpp">
      <Filter>Header Files\component</Filter>
    </ClInclude>
    <ClInclude Include="..\..\..\headers\components\so2_component.hpp">
      <Filter>Header Files\component</Filter>
    </ClInclude>
    <ClInclude Include="..\..\..\headers\components\temperature_component.hpp">
      <Filter>Header Files\component</Filter>
    </ClInclude>
    <ClInclude Include="..\..\..\headers\core\carbon-cycle-solver.hpp">
      <Filter>Header Files\core</Filter>
    </ClInclude>
    <ClInclude Include="..\..\..\headers\core\core.hpp">
      <Filter>Header Files\core</Filter>
    </ClInclude>
    <ClInclude Include="..\..\..\headers\core\dependency_finder.hpp">
      <Filter>Header Files\core</Filter>
    </ClInclude>
    <ClInclude Include="..\..\..\headers\core\ivisitable.hpp">
      <Filter>Header Files\core</Filter>
    </ClInclude>
    <ClInclude Include="..\..\..\headers\core\logger.hpp">
      <Filter>Header Files\core</Filter>
    </ClInclude>
  </ItemGroup>
  <ItemGroup>
    <ClCompile Include="..\..\..\source\main.cpp">
      <Filter>Source Files</Filter>
    </ClCompile>
    <ClCompile Include="..\..\..\source\core\carbon-cycle-solver.cpp">
      <Filter>Source Files\core</Filter>
    </ClCompile>
    <ClCompile Include="..\..\..\source\core\core.cpp">
      <Filter>Source Files\core</Filter>
    </ClCompile>
    <ClCompile Include="..\..\..\source\input\csv_table_reader.cpp">
      <Filter>Source Files\input</Filter>
    </ClCompile>
    <ClCompile Include="..\..\..\source\input\h_reader.cpp">
      <Filter>Source Files\input</Filter>
    </ClCompile>
    <ClCompile Include="..\..\..\source\input\ini_to_core_reader.cpp">
      <Filter>Source Files\input</Filter>
    </ClCompile>
    <ClCompile Include="..\..\..\source\input\inih\ini.c">
      <Filter>Source Files\input\inih</Filter>
    </ClCompile>
    <ClCompile Include="..\..\..\source\input\inih\INIReader.cpp">
      <Filter>Source Files\input\inih</Filter>
    </ClCompile>
    <ClCompile Include="..\..\..\source\models\carbon-cycle-model.cpp">
      <Filter>Source Files\models</Filter>
    </ClCompile>
    <ClCompile Include="..\..\..\source\models\ocean_csys.cpp">
      <Filter>Source Files\models</Filter>
    </ClCompile>
    <ClCompile Include="..\..\..\source\visitors\csv_output_visitor.cpp">
      <Filter>Source Files\visitors</Filter>
    </ClCompile>
    <ClCompile Include="..\..\..\source\visitors\csv_outputstream_visitor.cpp">
      <Filter>Source Files\visitors</Filter>
    </ClCompile>
    <ClCompile Include="..\..\..\source\visitors\ini_restart_visitor.cpp">
      <Filter>Source Files\visitors</Filter>
    </ClCompile>
    <ClCompile Include="..\..\..\source\testing\test_csv_file_reader.cpp">
      <Filter>Source Files\testing</Filter>
    </ClCompile>
    <ClCompile Include="..\..\..\source\testing\test_dependency_finder.cpp">
      <Filter>Source Files\testing</Filter>
    </ClCompile>
    <ClCompile Include="..\..\..\source\testing\test_hreader.cpp">
      <Filter>Source Files\testing</Filter>
    </ClCompile>
    <ClCompile Include="..\..\..\source\testing\test_ini_to_core_reader.cpp">
      <Filter>Source Files\testing</Filter>
    </ClCompile>
    <ClCompile Include="..\..\..\source\testing\test_inih.cpp">
      <Filter>Source Files\testing</Filter>
    </ClCompile>
    <ClCompile Include="..\..\..\source\testing\test_logger.cpp">
      <Filter>Source Files\testing</Filter>
    </ClCompile>
    <ClCompile Include="..\..\..\source\testing\test_restart.cpp">
      <Filter>Source Files\testing</Filter>
    </ClCompile>
    <ClCompile Include="..\..\..\source\testing\test_tseries.cpp">
      <Filter>Source Files\testing</Filter>
    </ClCompile>
    <ClCompile Include="..\..\..\source\testing\test_units.cpp">
      <Filter>Source Files\testing</Filter>
    </ClCompile>
    <ClCompile Include="..\..\..\source\testing\testing_main.cpp">
      <Filter>Source Files\testing</Filter>
    </ClCompile>
    <ClCompile Include="..\..\..\source\testing\test_core.cpp">
      <Filter>Source Files\testing</Filter>
    </ClCompile>
    <ClCompile Include="..\..\..\source\models\oceanbox.cpp">
      <Filter>Source Files\models</Filter>
    </ClCompile>
    <ClCompile Include="..\..\..\source\data\unitval.cpp">
      <Filter>Source Files\data</Filter>
    </ClCompile>
    <ClCompile Include="..\..\..\source\models\simpleNbox.cpp">
      <Filter>Source Files\models</Filter>
    </ClCompile>
    <ClCompile Include="..\..\..\source\components\bc_component.cpp">
      <Filter>Source Files\components</Filter>
    </ClCompile>
    <ClCompile Include="..\..\..\source\components\ch4_component.cpp">
      <Filter>Source Files\components</Filter>
    </ClCompile>
    <ClCompile Include="..\..\..\source\components\dummy_model_component.cpp">
      <Filter>Source Files\components</Filter>
    </ClCompile>
    <ClCompile Include="..\..\..\source\components\forcing_component.cpp">
      <Filter>Source Files\components</Filter>
    </ClCompile>
    <ClCompile Include="..\..\..\source\components\halocarbon_component.cpp">
      <Filter>Source Files\components</Filter>
    </ClCompile>
    <ClCompile Include="..\..\..\source\components\n2o_component.cpp">
      <Filter>Source Files\components</Filter>
    </ClCompile>
    <ClCompile Include="..\..\..\source\components\o3_component.cpp">
      <Filter>Source Files\components</Filter>
    </ClCompile>
    <ClCompile Include="..\..\..\source\components\oc_component.cpp">
      <Filter>Source Files\components</Filter>
    </ClCompile>
    <ClCompile Include="..\..\..\source\components\ocean_component.cpp">
      <Filter>Source Files\components</Filter>
    </ClCompile>
    <ClCompile Include="..\..\..\source\components\onelineocean_component.cpp">
      <Filter>Source Files\components</Filter>
    </ClCompile>
    <ClCompile Include="..\..\..\source\components\slr_component.cpp">
      <Filter>Source Files\components</Filter>
    </ClCompile>
    <ClCompile Include="..\..\..\source\components\so2_component.cpp">
      <Filter>Source Files\components</Filter>
    </ClCompile>
    <ClCompile Include="..\..\..\source\components\temperature_component.cpp">
      <Filter>Source Files\components</Filter>
    </ClCompile>
    <ClCompile Include="..\..\..\source\core\dependency_finder.cpp">
      <Filter>Source Files\core</Filter>
    </ClCompile>
    <ClCompile Include="..\..\..\source\core\logger.cpp">
      <Filter>Source Files\core</Filter>
    </ClCompile>
    <ClCompile Include="..\..\..\source\data\h_interpolator.cpp">
      <Filter>Source Files\data</Filter>
    </ClCompile>
    <ClCompile Include="..\..\..\source\data\spline_forsythe.cpp">
      <Filter>Source Files\data</Filter>
    </ClCompile>
  </ItemGroup>
</Project>