// !$*UTF8*$!
{
	archiveVersion = 1;
	classes = {
	};
	objectVersion = 46;
	objects = {

/* Begin PBXBuildFile section */
		B5027F9919E437A300E78D4D /* bc_component.cpp in Sources */ = {isa = PBXBuildFile; fileRef = B5027F5719E437A300E78D4D /* bc_component.cpp */; };
		B5027F9A19E437A300E78D4D /* ch4_component.cpp in Sources */ = {isa = PBXBuildFile; fileRef = B5027F5819E437A300E78D4D /* ch4_component.cpp */; };
		B5027F9B19E437A300E78D4D /* dummy_model_component.cpp in Sources */ = {isa = PBXBuildFile; fileRef = B5027F5919E437A300E78D4D /* dummy_model_component.cpp */; };
		B5027F9C19E437A300E78D4D /* forcing_component.cpp in Sources */ = {isa = PBXBuildFile; fileRef = B5027F5A19E437A300E78D4D /* forcing_component.cpp */; };
		B5027F9D19E437A300E78D4D /* halocarbon_component.cpp in Sources */ = {isa = PBXBuildFile; fileRef = B5027F5B19E437A300E78D4D /* halocarbon_component.cpp */; };
		B5027F9F19E437A300E78D4D /* n2o_component.cpp in Sources */ = {isa = PBXBuildFile; fileRef = B5027F5D19E437A300E78D4D /* n2o_component.cpp */; };
		B5027FA019E437A300E78D4D /* o3_component.cpp in Sources */ = {isa = PBXBuildFile; fileRef = B5027F5E19E437A300E78D4D /* o3_component.cpp */; };
		B5027FA119E437A300E78D4D /* oc_component.cpp in Sources */ = {isa = PBXBuildFile; fileRef = B5027F5F19E437A300E78D4D /* oc_component.cpp */; };
		B5027FA219E437A300E78D4D /* ocean_component.cpp in Sources */ = {isa = PBXBuildFile; fileRef = B5027F6019E437A300E78D4D /* ocean_component.cpp */; };
		B5027FA319E437A300E78D4D /* onelineocean_component.cpp in Sources */ = {isa = PBXBuildFile; fileRef = B5027F6119E437A300E78D4D /* onelineocean_component.cpp */; };
		B5027FA419E437A300E78D4D /* slr_component.cpp in Sources */ = {isa = PBXBuildFile; fileRef = B5027F6219E437A300E78D4D /* slr_component.cpp */; };
		B5027FA519E437A300E78D4D /* so2_component.cpp in Sources */ = {isa = PBXBuildFile; fileRef = B5027F6319E437A300E78D4D /* so2_component.cpp */; };
		B5027FA619E437A300E78D4D /* temperature_component.cpp in Sources */ = {isa = PBXBuildFile; fileRef = B5027F6419E437A300E78D4D /* temperature_component.cpp */; };
		B5027FA719E437A300E78D4D /* carbon-cycle-solver.cpp in Sources */ = {isa = PBXBuildFile; fileRef = B5027F6619E437A300E78D4D /* carbon-cycle-solver.cpp */; };
		B5027FA819E437A300E78D4D /* core.cpp in Sources */ = {isa = PBXBuildFile; fileRef = B5027F6719E437A300E78D4D /* core.cpp */; };
		B5027FA919E437A300E78D4D /* dependency_finder.cpp in Sources */ = {isa = PBXBuildFile; fileRef = B5027F6819E437A300E78D4D /* dependency_finder.cpp */; };
		B5027FAA19E437A300E78D4D /* logger.cpp in Sources */ = {isa = PBXBuildFile; fileRef = B5027F6919E437A300E78D4D /* logger.cpp */; };
		B5027FAC19E437A300E78D4D /* h_interpolator.cpp in Sources */ = {isa = PBXBuildFile; fileRef = B5027F6C19E437A300E78D4D /* h_interpolator.cpp */; };
		B5027FAE19E437A300E78D4D /* spline_forsythe.cpp in Sources */ = {isa = PBXBuildFile; fileRef = B5027F6E19E437A300E78D4D /* spline_forsythe.cpp */; };
		B5027FAF19E437A300E78D4D /* unitval.cpp in Sources */ = {isa = PBXBuildFile; fileRef = B5027F6F19E437A300E78D4D /* unitval.cpp */; };
		B5027FB019E437A300E78D4D /* csv_table_reader.cpp in Sources */ = {isa = PBXBuildFile; fileRef = B5027F7119E437A300E78D4D /* csv_table_reader.cpp */; };
		B5027FB119E437A300E78D4D /* h_reader.cpp in Sources */ = {isa = PBXBuildFile; fileRef = B5027F7219E437A300E78D4D /* h_reader.cpp */; };
		B5027FB219E437A300E78D4D /* ini_to_core_reader.cpp in Sources */ = {isa = PBXBuildFile; fileRef = B5027F7319E437A300E78D4D /* ini_to_core_reader.cpp */; };
		B5027FB319E437A300E78D4D /* ini_dump.c in Sources */ = {isa = PBXBuildFile; fileRef = B5027F7619E437A300E78D4D /* ini_dump.c */; };
		B5027FB419E437A300E78D4D /* ini_example.c in Sources */ = {isa = PBXBuildFile; fileRef = B5027F7719E437A300E78D4D /* ini_example.c */; };
		B5027FB519E437A300E78D4D /* ini_xmacros.c in Sources */ = {isa = PBXBuildFile; fileRef = B5027F7819E437A300E78D4D /* ini_xmacros.c */; };
		B5027FB619E437A300E78D4D /* ini.c in Sources */ = {isa = PBXBuildFile; fileRef = B5027F7919E437A300E78D4D /* ini.c */; };
		B5027FB719E437A300E78D4D /* INIReader.cpp in Sources */ = {isa = PBXBuildFile; fileRef = B5027F7A19E437A300E78D4D /* INIReader.cpp */; };
		B5027FBA19E437A300E78D4D /* main.cpp in Sources */ = {isa = PBXBuildFile; fileRef = B5027F7F19E437A300E78D4D /* main.cpp */; };
		B5027FBC19E437A300E78D4D /* carbon-cycle-model.cpp in Sources */ = {isa = PBXBuildFile; fileRef = B5027F8219E437A300E78D4D /* carbon-cycle-model.cpp */; };
		B5027FBE19E437A300E78D4D /* ocean_csys.cpp in Sources */ = {isa = PBXBuildFile; fileRef = B5027F8419E437A300E78D4D /* ocean_csys.cpp */; };
		B5027FBF19E437A300E78D4D /* oceanbox.cpp in Sources */ = {isa = PBXBuildFile; fileRef = B5027F8519E437A300E78D4D /* oceanbox.cpp */; };
		B5027FC019E437A300E78D4D /* simpleNbox.cpp in Sources */ = {isa = PBXBuildFile; fileRef = B5027F8619E437A300E78D4D /* simpleNbox.cpp */; };
		B5027FCD19E437A300E78D4D /* csv_output_visitor.cpp in Sources */ = {isa = PBXBuildFile; fileRef = B5027F9519E437A300E78D4D /* csv_output_visitor.cpp */; };
		B5027FCE19E437A300E78D4D /* csv_outputstream_visitor.cpp in Sources */ = {isa = PBXBuildFile; fileRef = B5027F9619E437A300E78D4D /* csv_outputstream_visitor.cpp */; };
		B5027FCF19E437A300E78D4D /* ini_restart_visitor.cpp in Sources */ = {isa = PBXBuildFile; fileRef = B5027F9719E437A300E78D4D /* ini_restart_visitor.cpp */; };
/* End PBXBuildFile section */

/* Begin PBXCopyFilesBuildPhase section */
		B5027F1719E4378E00E78D4D /* CopyFiles */ = {
			isa = PBXCopyFilesBuildPhase;
			buildActionMask = 2147483647;
			dstPath = /usr/share/man/man1/;
			dstSubfolderSpec = 0;
			files = (
			);
			runOnlyForDeploymentPostprocessing = 1;
		};
/* End PBXCopyFilesBuildPhase section */

/* Begin PBXFileReference section */
		B5027F1919E4378E00E78D4D /* hector */ = {isa = PBXFileReference; explicitFileType = "compiled.mach-o.executable"; includeInIndex = 0; path = hector; sourceTree = BUILT_PRODUCTS_DIR; };
		B5027F2719E4379B00E78D4D /* bc_component.hpp */ = {isa = PBXFileReference; fileEncoding = 4; lastKnownFileType = sourcecode.cpp.h; path = bc_component.hpp; sourceTree = "<group>"; };
		B5027F2819E4379B00E78D4D /* ch4_component.hpp */ = {isa = PBXFileReference; fileEncoding = 4; lastKnownFileType = sourcecode.cpp.h; path = ch4_component.hpp; sourceTree = "<group>"; };
		B5027F2919E4379B00E78D4D /* component_data.hpp */ = {isa = PBXFileReference; fileEncoding = 4; lastKnownFileType = sourcecode.cpp.h; path = component_data.hpp; sourceTree = "<group>"; };
		B5027F2A19E4379B00E78D4D /* component_names.hpp */ = {isa = PBXFileReference; fileEncoding = 4; lastKnownFileType = sourcecode.cpp.h; path = component_names.hpp; sourceTree = "<group>"; };
		B5027F2B19E4379B00E78D4D /* dummy_model_component.hpp */ = {isa = PBXFileReference; fileEncoding = 4; lastKnownFileType = sourcecode.cpp.h; path = dummy_model_component.hpp; sourceTree = "<group>"; };
		B5027F2C19E4379B00E78D4D /* forcing_component.hpp */ = {isa = PBXFileReference; fileEncoding = 4; lastKnownFileType = sourcecode.cpp.h; path = forcing_component.hpp; sourceTree = "<group>"; };
		B5027F2D19E4379B00E78D4D /* halocarbon_component.hpp */ = {isa = PBXFileReference; fileEncoding = 4; lastKnownFileType = sourcecode.cpp.h; path = halocarbon_component.hpp; sourceTree = "<group>"; };
		B5027F2E19E4379B00E78D4D /* imodel_component.hpp */ = {isa = PBXFileReference; fileEncoding = 4; lastKnownFileType = sourcecode.cpp.h; path = imodel_component.hpp; sourceTree = "<group>"; };
		B5027F2F19E4379B00E78D4D /* n2o_component.hpp */ = {isa = PBXFileReference; fileEncoding = 4; lastKnownFileType = sourcecode.cpp.h; path = n2o_component.hpp; sourceTree = "<group>"; };
		B5027F3019E4379B00E78D4D /* o3_component.hpp */ = {isa = PBXFileReference; fileEncoding = 4; lastKnownFileType = sourcecode.cpp.h; path = o3_component.hpp; sourceTree = "<group>"; };
		B5027F3119E4379B00E78D4D /* oc_component.hpp */ = {isa = PBXFileReference; fileEncoding = 4; lastKnownFileType = sourcecode.cpp.h; path = oc_component.hpp; sourceTree = "<group>"; };
		B5027F3219E4379B00E78D4D /* ocean_component.hpp */ = {isa = PBXFileReference; fileEncoding = 4; lastKnownFileType = sourcecode.cpp.h; path = ocean_component.hpp; sourceTree = "<group>"; };
		B5027F3319E4379B00E78D4D /* onelineocean_component.hpp */ = {isa = PBXFileReference; fileEncoding = 4; lastKnownFileType = sourcecode.cpp.h; path = onelineocean_component.hpp; sourceTree = "<group>"; };
		B5027F3419E4379B00E78D4D /* slr_component.hpp */ = {isa = PBXFileReference; fileEncoding = 4; lastKnownFileType = sourcecode.cpp.h; path = slr_component.hpp; sourceTree = "<group>"; };
		B5027F3519E4379B00E78D4D /* so2_component.hpp */ = {isa = PBXFileReference; fileEncoding = 4; lastKnownFileType = sourcecode.cpp.h; path = so2_component.hpp; sourceTree = "<group>"; };
		B5027F3619E4379B00E78D4D /* temperature_component.hpp */ = {isa = PBXFileReference; fileEncoding = 4; lastKnownFileType = sourcecode.cpp.h; path = temperature_component.hpp; sourceTree = "<group>"; };
		B5027F3819E4379B00E78D4D /* carbon-cycle-solver.hpp */ = {isa = PBXFileReference; fileEncoding = 4; lastKnownFileType = sourcecode.cpp.h; path = "carbon-cycle-solver.hpp"; sourceTree = "<group>"; };
		B5027F3919E4379B00E78D4D /* core.hpp */ = {isa = PBXFileReference; fileEncoding = 4; lastKnownFileType = sourcecode.cpp.h; path = core.hpp; sourceTree = "<group>"; };
		B5027F3A19E4379B00E78D4D /* dependency_finder.hpp */ = {isa = PBXFileReference; fileEncoding = 4; lastKnownFileType = sourcecode.cpp.h; path = dependency_finder.hpp; sourceTree = "<group>"; };
		B5027F3B19E4379B00E78D4D /* ivisitable.hpp */ = {isa = PBXFileReference; fileEncoding = 4; lastKnownFileType = sourcecode.cpp.h; path = ivisitable.hpp; sourceTree = "<group>"; };
		B5027F3C19E4379B00E78D4D /* logger.hpp */ = {isa = PBXFileReference; fileEncoding = 4; lastKnownFileType = sourcecode.cpp.h; path = logger.hpp; sourceTree = "<group>"; };
		B5027F3E19E4379B00E78D4D /* h_interpolator.hpp */ = {isa = PBXFileReference; fileEncoding = 4; lastKnownFileType = sourcecode.cpp.h; path = h_interpolator.hpp; sourceTree = "<group>"; };
		B5027F3F19E4379B00E78D4D /* message_data.hpp */ = {isa = PBXFileReference; fileEncoding = 4; lastKnownFileType = sourcecode.cpp.h; path = message_data.hpp; sourceTree = "<group>"; };
		B5027F4019E4379B00E78D4D /* tseries.hpp */ = {isa = PBXFileReference; fileEncoding = 4; lastKnownFileType = sourcecode.cpp.h; path = tseries.hpp; sourceTree = "<group>"; };
		B5027F4119E4379B00E78D4D /* unitval.hpp */ = {isa = PBXFileReference; fileEncoding = 4; lastKnownFileType = sourcecode.cpp.h; path = unitval.hpp; sourceTree = "<group>"; };
		B5027F4219E4379B00E78D4D /* h_exception.hpp */ = {isa = PBXFileReference; fileEncoding = 4; lastKnownFileType = sourcecode.cpp.h; path = h_exception.hpp; sourceTree = "<group>"; };
		B5027F4319E4379B00E78D4D /* h_util.hpp */ = {isa = PBXFileReference; fileEncoding = 4; lastKnownFileType = sourcecode.cpp.h; path = h_util.hpp; sourceTree = "<group>"; };
		B5027F4519E4379B00E78D4D /* csv_table_reader.hpp */ = {isa = PBXFileReference; fileEncoding = 4; lastKnownFileType = sourcecode.cpp.h; path = csv_table_reader.hpp; sourceTree = "<group>"; };
		B5027F4619E4379B00E78D4D /* h_reader.hpp */ = {isa = PBXFileReference; fileEncoding = 4; lastKnownFileType = sourcecode.cpp.h; path = h_reader.hpp; sourceTree = "<group>"; };
		B5027F4719E4379B00E78D4D /* ini_to_core_reader.hpp */ = {isa = PBXFileReference; fileEncoding = 4; lastKnownFileType = sourcecode.cpp.h; path = ini_to_core_reader.hpp; sourceTree = "<group>"; };
		B5027F4919E4379B00E78D4D /* ini.h */ = {isa = PBXFileReference; fileEncoding = 4; lastKnownFileType = sourcecode.c.h; path = ini.h; sourceTree = "<group>"; };
		B5027F4A19E4379B00E78D4D /* INIReader.h */ = {isa = PBXFileReference; fileEncoding = 4; lastKnownFileType = sourcecode.c.h; path = INIReader.h; sourceTree = "<group>"; };
		B5027F4C19E4379B00E78D4D /* carbon-cycle-model.hpp */ = {isa = PBXFileReference; fileEncoding = 4; lastKnownFileType = sourcecode.cpp.h; path = "carbon-cycle-model.hpp"; sourceTree = "<group>"; };
		B5027F4D19E4379B00E78D4D /* ocean_csys.hpp */ = {isa = PBXFileReference; fileEncoding = 4; lastKnownFileType = sourcecode.cpp.h; path = ocean_csys.hpp; sourceTree = "<group>"; };
		B5027F4E19E4379B00E78D4D /* oceanbox.hpp */ = {isa = PBXFileReference; fileEncoding = 4; lastKnownFileType = sourcecode.cpp.h; path = oceanbox.hpp; sourceTree = "<group>"; };
		B5027F4F19E4379B00E78D4D /* simpleNbox.hpp */ = {isa = PBXFileReference; fileEncoding = 4; lastKnownFileType = sourcecode.cpp.h; path = simpleNbox.hpp; sourceTree = "<group>"; };
		B5027F5119E4379B00E78D4D /* avisitor.hpp */ = {isa = PBXFileReference; fileEncoding = 4; lastKnownFileType = sourcecode.cpp.h; path = avisitor.hpp; sourceTree = "<group>"; };
		B5027F5219E4379B00E78D4D /* csv_output_visitor.hpp */ = {isa = PBXFileReference; fileEncoding = 4; lastKnownFileType = sourcecode.cpp.h; path = csv_output_visitor.hpp; sourceTree = "<group>"; };
		B5027F5319E4379B00E78D4D /* csv_outputstream_visitor.hpp */ = {isa = PBXFileReference; fileEncoding = 4; lastKnownFileType = sourcecode.cpp.h; path = csv_outputstream_visitor.hpp; sourceTree = "<group>"; };
		B5027F5419E4379B00E78D4D /* ini_restart_visitor.hpp */ = {isa = PBXFileReference; fileEncoding = 4; lastKnownFileType = sourcecode.cpp.h; path = ini_restart_visitor.hpp; sourceTree = "<group>"; };
		B5027F5719E437A300E78D4D /* bc_component.cpp */ = {isa = PBXFileReference; fileEncoding = 4; lastKnownFileType = sourcecode.cpp.cpp; path = bc_component.cpp; sourceTree = "<group>"; };
		B5027F5819E437A300E78D4D /* ch4_component.cpp */ = {isa = PBXFileReference; fileEncoding = 4; lastKnownFileType = sourcecode.cpp.cpp; path = ch4_component.cpp; sourceTree = "<group>"; };
		B5027F5919E437A300E78D4D /* dummy_model_component.cpp */ = {isa = PBXFileReference; fileEncoding = 4; lastKnownFileType = sourcecode.cpp.cpp; path = dummy_model_component.cpp; sourceTree = "<group>"; };
		B5027F5A19E437A300E78D4D /* forcing_component.cpp */ = {isa = PBXFileReference; fileEncoding = 4; lastKnownFileType = sourcecode.cpp.cpp; path = forcing_component.cpp; sourceTree = "<group>"; };
		B5027F5B19E437A300E78D4D /* halocarbon_component.cpp */ = {isa = PBXFileReference; fileEncoding = 4; lastKnownFileType = sourcecode.cpp.cpp; path = halocarbon_component.cpp; sourceTree = "<group>"; };
		B5027F5D19E437A300E78D4D /* n2o_component.cpp */ = {isa = PBXFileReference; fileEncoding = 4; lastKnownFileType = sourcecode.cpp.cpp; path = n2o_component.cpp; sourceTree = "<group>"; };
		B5027F5E19E437A300E78D4D /* o3_component.cpp */ = {isa = PBXFileReference; fileEncoding = 4; lastKnownFileType = sourcecode.cpp.cpp; path = o3_component.cpp; sourceTree = "<group>"; };
		B5027F5F19E437A300E78D4D /* oc_component.cpp */ = {isa = PBXFileReference; fileEncoding = 4; lastKnownFileType = sourcecode.cpp.cpp; path = oc_component.cpp; sourceTree = "<group>"; };
		B5027F6019E437A300E78D4D /* ocean_component.cpp */ = {isa = PBXFileReference; fileEncoding = 4; lastKnownFileType = sourcecode.cpp.cpp; path = ocean_component.cpp; sourceTree = "<group>"; };
		B5027F6119E437A300E78D4D /* onelineocean_component.cpp */ = {isa = PBXFileReference; fileEncoding = 4; lastKnownFileType = sourcecode.cpp.cpp; path = onelineocean_component.cpp; sourceTree = "<group>"; };
		B5027F6219E437A300E78D4D /* slr_component.cpp */ = {isa = PBXFileReference; fileEncoding = 4; lastKnownFileType = sourcecode.cpp.cpp; path = slr_component.cpp; sourceTree = "<group>"; };
		B5027F6319E437A300E78D4D /* so2_component.cpp */ = {isa = PBXFileReference; fileEncoding = 4; lastKnownFileType = sourcecode.cpp.cpp; path = so2_component.cpp; sourceTree = "<group>"; };
		B5027F6419E437A300E78D4D /* temperature_component.cpp */ = {isa = PBXFileReference; fileEncoding = 4; lastKnownFileType = sourcecode.cpp.cpp; path = temperature_component.cpp; sourceTree = "<group>"; };
		B5027F6619E437A300E78D4D /* carbon-cycle-solver.cpp */ = {isa = PBXFileReference; fileEncoding = 4; lastKnownFileType = sourcecode.cpp.cpp; path = "carbon-cycle-solver.cpp"; sourceTree = "<group>"; };
		B5027F6719E437A300E78D4D /* core.cpp */ = {isa = PBXFileReference; fileEncoding = 4; lastKnownFileType = sourcecode.cpp.cpp; path = core.cpp; sourceTree = "<group>"; };
		B5027F6819E437A300E78D4D /* dependency_finder.cpp */ = {isa = PBXFileReference; fileEncoding = 4; lastKnownFileType = sourcecode.cpp.cpp; path = dependency_finder.cpp; sourceTree = "<group>"; };
		B5027F6919E437A300E78D4D /* logger.cpp */ = {isa = PBXFileReference; fileEncoding = 4; lastKnownFileType = sourcecode.cpp.cpp; path = logger.cpp; sourceTree = "<group>"; };
		B5027F6C19E437A300E78D4D /* h_interpolator.cpp */ = {isa = PBXFileReference; fileEncoding = 4; lastKnownFileType = sourcecode.cpp.cpp; path = h_interpolator.cpp; sourceTree = "<group>"; };
		B5027F6E19E437A300E78D4D /* spline_forsythe.cpp */ = {isa = PBXFileReference; fileEncoding = 4; lastKnownFileType = sourcecode.cpp.cpp; path = spline_forsythe.cpp; sourceTree = "<group>"; };
		B5027F6F19E437A300E78D4D /* unitval.cpp */ = {isa = PBXFileReference; fileEncoding = 4; lastKnownFileType = sourcecode.cpp.cpp; path = unitval.cpp; sourceTree = "<group>"; };
		B5027F7119E437A300E78D4D /* csv_table_reader.cpp */ = {isa = PBXFileReference; fileEncoding = 4; lastKnownFileType = sourcecode.cpp.cpp; path = csv_table_reader.cpp; sourceTree = "<group>"; };
		B5027F7219E437A300E78D4D /* h_reader.cpp */ = {isa = PBXFileReference; fileEncoding = 4; lastKnownFileType = sourcecode.cpp.cpp; path = h_reader.cpp; sourceTree = "<group>"; };
		B5027F7319E437A300E78D4D /* ini_to_core_reader.cpp */ = {isa = PBXFileReference; fileEncoding = 4; lastKnownFileType = sourcecode.cpp.cpp; path = ini_to_core_reader.cpp; sourceTree = "<group>"; };
		B5027F7619E437A300E78D4D /* ini_dump.c */ = {isa = PBXFileReference; fileEncoding = 4; lastKnownFileType = sourcecode.c.c; path = ini_dump.c; sourceTree = "<group>"; };
		B5027F7719E437A300E78D4D /* ini_example.c */ = {isa = PBXFileReference; fileEncoding = 4; lastKnownFileType = sourcecode.c.c; path = ini_example.c; sourceTree = "<group>"; };
		B5027F7819E437A300E78D4D /* ini_xmacros.c */ = {isa = PBXFileReference; fileEncoding = 4; lastKnownFileType = sourcecode.c.c; path = ini_xmacros.c; sourceTree = "<group>"; };
		B5027F7919E437A300E78D4D /* ini.c */ = {isa = PBXFileReference; fileEncoding = 4; lastKnownFileType = sourcecode.c.c; path = ini.c; sourceTree = "<group>"; };
		B5027F7A19E437A300E78D4D /* INIReader.cpp */ = {isa = PBXFileReference; fileEncoding = 4; lastKnownFileType = sourcecode.cpp.cpp; path = INIReader.cpp; sourceTree = "<group>"; };
		B5027F7B19E437A300E78D4D /* LICENSE.txt */ = {isa = PBXFileReference; fileEncoding = 4; lastKnownFileType = text; path = LICENSE.txt; sourceTree = "<group>"; };
		B5027F7D19E437A300E78D4D /* README.txt */ = {isa = PBXFileReference; fileEncoding = 4; lastKnownFileType = text; path = README.txt; sourceTree = "<group>"; };
		B5027F7F19E437A300E78D4D /* main.cpp */ = {isa = PBXFileReference; fileEncoding = 4; lastKnownFileType = sourcecode.cpp.cpp; path = main.cpp; sourceTree = "<group>"; };
		B5027F8219E437A300E78D4D /* carbon-cycle-model.cpp */ = {isa = PBXFileReference; fileEncoding = 4; lastKnownFileType = sourcecode.cpp.cpp; path = "carbon-cycle-model.cpp"; sourceTree = "<group>"; };
		B5027F8419E437A300E78D4D /* ocean_csys.cpp */ = {isa = PBXFileReference; fileEncoding = 4; lastKnownFileType = sourcecode.cpp.cpp; path = ocean_csys.cpp; sourceTree = "<group>"; };
		B5027F8519E437A300E78D4D /* oceanbox.cpp */ = {isa = PBXFileReference; fileEncoding = 4; lastKnownFileType = sourcecode.cpp.cpp; path = oceanbox.cpp; sourceTree = "<group>"; };
		B5027F8619E437A300E78D4D /* simpleNbox.cpp */ = {isa = PBXFileReference; fileEncoding = 4; lastKnownFileType = sourcecode.cpp.cpp; path = simpleNbox.cpp; sourceTree = "<group>"; };
		B5027F8919E437A300E78D4D /* test_core.cpp */ = {isa = PBXFileReference; fileEncoding = 4; lastKnownFileType = sourcecode.cpp.cpp; path = test_core.cpp; sourceTree = "<group>"; };
		B5027F8A19E437A300E78D4D /* test_csv_file_reader.cpp */ = {isa = PBXFileReference; fileEncoding = 4; lastKnownFileType = sourcecode.cpp.cpp; path = test_csv_file_reader.cpp; sourceTree = "<group>"; };
		B5027F8B19E437A300E78D4D /* test_dependency_finder.cpp */ = {isa = PBXFileReference; fileEncoding = 4; lastKnownFileType = sourcecode.cpp.cpp; path = test_dependency_finder.cpp; sourceTree = "<group>"; };
		B5027F8C19E437A300E78D4D /* test_hreader.cpp */ = {isa = PBXFileReference; fileEncoding = 4; lastKnownFileType = sourcecode.cpp.cpp; path = test_hreader.cpp; sourceTree = "<group>"; };
		B5027F8D19E437A300E78D4D /* test_ini_to_core_reader.cpp */ = {isa = PBXFileReference; fileEncoding = 4; lastKnownFileType = sourcecode.cpp.cpp; path = test_ini_to_core_reader.cpp; sourceTree = "<group>"; };
		B5027F8E19E437A300E78D4D /* test_inih.cpp */ = {isa = PBXFileReference; fileEncoding = 4; lastKnownFileType = sourcecode.cpp.cpp; path = test_inih.cpp; sourceTree = "<group>"; };
		B5027F8F19E437A300E78D4D /* test_logger.cpp */ = {isa = PBXFileReference; fileEncoding = 4; lastKnownFileType = sourcecode.cpp.cpp; path = test_logger.cpp; sourceTree = "<group>"; };
		B5027F9019E437A300E78D4D /* test_restart.cpp */ = {isa = PBXFileReference; fileEncoding = 4; lastKnownFileType = sourcecode.cpp.cpp; path = test_restart.cpp; sourceTree = "<group>"; };
		B5027F9119E437A300E78D4D /* test_tseries.cpp */ = {isa = PBXFileReference; fileEncoding = 4; lastKnownFileType = sourcecode.cpp.cpp; path = test_tseries.cpp; sourceTree = "<group>"; };
		B5027F9219E437A300E78D4D /* test_units.cpp */ = {isa = PBXFileReference; fileEncoding = 4; lastKnownFileType = sourcecode.cpp.cpp; path = test_units.cpp; sourceTree = "<group>"; };
		B5027F9319E437A300E78D4D /* testing_main.cpp */ = {isa = PBXFileReference; fileEncoding = 4; lastKnownFileType = sourcecode.cpp.cpp; path = testing_main.cpp; sourceTree = "<group>"; };
		B5027F9519E437A300E78D4D /* csv_output_visitor.cpp */ = {isa = PBXFileReference; fileEncoding = 4; lastKnownFileType = sourcecode.cpp.cpp; path = csv_output_visitor.cpp; sourceTree = "<group>"; };
		B5027F9619E437A300E78D4D /* csv_outputstream_visitor.cpp */ = {isa = PBXFileReference; fileEncoding = 4; lastKnownFileType = sourcecode.cpp.cpp; path = csv_outputstream_visitor.cpp; sourceTree = "<group>"; };
		B5027F9719E437A300E78D4D /* ini_restart_visitor.cpp */ = {isa = PBXFileReference; fileEncoding = 4; lastKnownFileType = sourcecode.cpp.cpp; path = ini_restart_visitor.cpp; sourceTree = "<group>"; };
/* End PBXFileReference section */

/* Begin PBXFrameworksBuildPhase section */
		B5027F1619E4378E00E78D4D /* Frameworks */ = {
			isa = PBXFrameworksBuildPhase;
			buildActionMask = 2147483647;
			files = (
			);
			runOnlyForDeploymentPostprocessing = 0;
		};
/* End PBXFrameworksBuildPhase section */

/* Begin PBXGroup section */
		B5027F1019E4378E00E78D4D = {
			isa = PBXGroup;
			children = (
				B5027F2519E4379B00E78D4D /* headers */,
				B5027F5519E437A300E78D4D /* source */,
				B5027F1A19E4378E00E78D4D /* Products */,
			);
			sourceTree = "<group>";
		};
		B5027F1A19E4378E00E78D4D /* Products */ = {
			isa = PBXGroup;
			children = (
				B5027F1919E4378E00E78D4D /* hector */,
			);
			name = Products;
			sourceTree = "<group>";
		};
		B5027F2519E4379B00E78D4D /* headers */ = {
			isa = PBXGroup;
			children = (
				B5027F2619E4379B00E78D4D /* components */,
				B5027F3719E4379B00E78D4D /* core */,
				B5027F3D19E4379B00E78D4D /* data */,
				B5027F4219E4379B00E78D4D /* h_exception.hpp */,
				B5027F4319E4379B00E78D4D /* h_util.hpp */,
				B5027F4419E4379B00E78D4D /* input */,
				B5027F4B19E4379B00E78D4D /* models */,
				B5027F5019E4379B00E78D4D /* visitors */,
			);
			name = headers;
			path = ../../../headers;
			sourceTree = "<group>";
		};
		B5027F2619E4379B00E78D4D /* components */ = {
			isa = PBXGroup;
			children = (
				B5027F2719E4379B00E78D4D /* bc_component.hpp */,
				B5027F2819E4379B00E78D4D /* ch4_component.hpp */,
				B5027F2919E4379B00E78D4D /* component_data.hpp */,
				B5027F2A19E4379B00E78D4D /* component_names.hpp */,
				B5027F2B19E4379B00E78D4D /* dummy_model_component.hpp */,
				B5027F2C19E4379B00E78D4D /* forcing_component.hpp */,
				B5027F2D19E4379B00E78D4D /* halocarbon_component.hpp */,
				B5027F2E19E4379B00E78D4D /* imodel_component.hpp */,
				B5027F2F19E4379B00E78D4D /* n2o_component.hpp */,
				B5027F3019E4379B00E78D4D /* o3_component.hpp */,
				B5027F3119E4379B00E78D4D /* oc_component.hpp */,
				B5027F3219E4379B00E78D4D /* ocean_component.hpp */,
				B5027F3319E4379B00E78D4D /* onelineocean_component.hpp */,
				B5027F3419E4379B00E78D4D /* slr_component.hpp */,
				B5027F3519E4379B00E78D4D /* so2_component.hpp */,
				B5027F3619E4379B00E78D4D /* temperature_component.hpp */,
			);
			path = components;
			sourceTree = "<group>";
		};
		B5027F3719E4379B00E78D4D /* core */ = {
			isa = PBXGroup;
			children = (
				B5027F3819E4379B00E78D4D /* carbon-cycle-solver.hpp */,
				B5027F3919E4379B00E78D4D /* core.hpp */,
				B5027F3A19E4379B00E78D4D /* dependency_finder.hpp */,
				B5027F3B19E4379B00E78D4D /* ivisitable.hpp */,
				B5027F3C19E4379B00E78D4D /* logger.hpp */,
			);
			path = core;
			sourceTree = "<group>";
		};
		B5027F3D19E4379B00E78D4D /* data */ = {
			isa = PBXGroup;
			children = (
				B5027F3E19E4379B00E78D4D /* h_interpolator.hpp */,
				B5027F3F19E4379B00E78D4D /* message_data.hpp */,
				B5027F4019E4379B00E78D4D /* tseries.hpp */,
				B5027F4119E4379B00E78D4D /* unitval.hpp */,
			);
			path = data;
			sourceTree = "<group>";
		};
		B5027F4419E4379B00E78D4D /* input */ = {
			isa = PBXGroup;
			children = (
				B5027F4519E4379B00E78D4D /* csv_table_reader.hpp */,
				B5027F4619E4379B00E78D4D /* h_reader.hpp */,
				B5027F4719E4379B00E78D4D /* ini_to_core_reader.hpp */,
				B5027F4819E4379B00E78D4D /* inih */,
			);
			path = input;
			sourceTree = "<group>";
		};
		B5027F4819E4379B00E78D4D /* inih */ = {
			isa = PBXGroup;
			children = (
				B5027F4919E4379B00E78D4D /* ini.h */,
				B5027F4A19E4379B00E78D4D /* INIReader.h */,
			);
			path = inih;
			sourceTree = "<group>";
		};
		B5027F4B19E4379B00E78D4D /* models */ = {
			isa = PBXGroup;
			children = (
				B5027F4C19E4379B00E78D4D /* carbon-cycle-model.hpp */,
				B5027F4D19E4379B00E78D4D /* ocean_csys.hpp */,
				B5027F4E19E4379B00E78D4D /* oceanbox.hpp */,
				B5027F4F19E4379B00E78D4D /* simpleNbox.hpp */,
			);
			path = models;
			sourceTree = "<group>";
		};
		B5027F5019E4379B00E78D4D /* visitors */ = {
			isa = PBXGroup;
			children = (
				B5027F5119E4379B00E78D4D /* avisitor.hpp */,
				B5027F5219E4379B00E78D4D /* csv_output_visitor.hpp */,
				B5027F5319E4379B00E78D4D /* csv_outputstream_visitor.hpp */,
				B5027F5419E4379B00E78D4D /* ini_restart_visitor.hpp */,
			);
			path = visitors;
			sourceTree = "<group>";
		};
		B5027F5519E437A300E78D4D /* source */ = {
			isa = PBXGroup;
			children = (
				B5027F5619E437A300E78D4D /* components */,
				B5027F6519E437A300E78D4D /* core */,
				B5027F6B19E437A300E78D4D /* data */,
				B5027F7019E437A300E78D4D /* input */,
				B5027F7F19E437A300E78D4D /* main.cpp */,
				B5027F8119E437A300E78D4D /* models */,
				B5027F8719E437A300E78D4D /* testing */,
				B5027F9419E437A300E78D4D /* visitors */,
			);
			name = source;
			path = ../../../source;
			sourceTree = "<group>";
		};
		B5027F5619E437A300E78D4D /* components */ = {
			isa = PBXGroup;
			children = (
				B5027F5719E437A300E78D4D /* bc_component.cpp */,
				B5027F5819E437A300E78D4D /* ch4_component.cpp */,
				B5027F5919E437A300E78D4D /* dummy_model_component.cpp */,
				B5027F5A19E437A300E78D4D /* forcing_component.cpp */,
				B5027F5B19E437A300E78D4D /* halocarbon_component.cpp */,
				B5027F5D19E437A300E78D4D /* n2o_component.cpp */,
				B5027F5E19E437A300E78D4D /* o3_component.cpp */,
				B5027F5F19E437A300E78D4D /* oc_component.cpp */,
				B5027F6019E437A300E78D4D /* ocean_component.cpp */,
				B5027F6119E437A300E78D4D /* onelineocean_component.cpp */,
				B5027F6219E437A300E78D4D /* slr_component.cpp */,
				B5027F6319E437A300E78D4D /* so2_component.cpp */,
				B5027F6419E437A300E78D4D /* temperature_component.cpp */,
			);
			path = components;
			sourceTree = "<group>";
		};
		B5027F6519E437A300E78D4D /* core */ = {
			isa = PBXGroup;
			children = (
				B5027F6619E437A300E78D4D /* carbon-cycle-solver.cpp */,
				B5027F6719E437A300E78D4D /* core.cpp */,
				B5027F6819E437A300E78D4D /* dependency_finder.cpp */,
				B5027F6919E437A300E78D4D /* logger.cpp */,
			);
			path = core;
			sourceTree = "<group>";
		};
		B5027F6B19E437A300E78D4D /* data */ = {
			isa = PBXGroup;
			children = (
				B5027F6C19E437A300E78D4D /* h_interpolator.cpp */,
				B5027F6E19E437A300E78D4D /* spline_forsythe.cpp */,
				B5027F6F19E437A300E78D4D /* unitval.cpp */,
			);
			path = data;
			sourceTree = "<group>";
		};
		B5027F7019E437A300E78D4D /* input */ = {
			isa = PBXGroup;
			children = (
				B5027F7119E437A300E78D4D /* csv_table_reader.cpp */,
				B5027F7219E437A300E78D4D /* h_reader.cpp */,
				B5027F7319E437A300E78D4D /* ini_to_core_reader.cpp */,
				B5027F7419E437A300E78D4D /* inih */,
			);
			path = input;
			sourceTree = "<group>";
		};
		B5027F7419E437A300E78D4D /* inih */ = {
			isa = PBXGroup;
			children = (
				B5027F7519E437A300E78D4D /* examples */,
				B5027F7919E437A300E78D4D /* ini.c */,
				B5027F7A19E437A300E78D4D /* INIReader.cpp */,
				B5027F7B19E437A300E78D4D /* LICENSE.txt */,
				B5027F7D19E437A300E78D4D /* README.txt */,
			);
			path = inih;
			sourceTree = "<group>";
		};
		B5027F7519E437A300E78D4D /* examples */ = {
			isa = PBXGroup;
			children = (
				B5027F7619E437A300E78D4D /* ini_dump.c */,
				B5027F7719E437A300E78D4D /* ini_example.c */,
				B5027F7819E437A300E78D4D /* ini_xmacros.c */,
			);
			path = examples;
			sourceTree = "<group>";
		};
		B5027F8119E437A300E78D4D /* models */ = {
			isa = PBXGroup;
			children = (
				B5027F8219E437A300E78D4D /* carbon-cycle-model.cpp */,
				B5027F8419E437A300E78D4D /* ocean_csys.cpp */,
				B5027F8519E437A300E78D4D /* oceanbox.cpp */,
				B5027F8619E437A300E78D4D /* simpleNbox.cpp */,
			);
			path = models;
			sourceTree = "<group>";
		};
		B5027F8719E437A300E78D4D /* testing */ = {
			isa = PBXGroup;
			children = (
				B5027F8919E437A300E78D4D /* test_core.cpp */,
				B5027F8A19E437A300E78D4D /* test_csv_file_reader.cpp */,
				B5027F8B19E437A300E78D4D /* test_dependency_finder.cpp */,
				B5027F8C19E437A300E78D4D /* test_hreader.cpp */,
				B5027F8D19E437A300E78D4D /* test_ini_to_core_reader.cpp */,
				B5027F8E19E437A300E78D4D /* test_inih.cpp */,
				B5027F8F19E437A300E78D4D /* test_logger.cpp */,
				B5027F9019E437A300E78D4D /* test_restart.cpp */,
				B5027F9119E437A300E78D4D /* test_tseries.cpp */,
				B5027F9219E437A300E78D4D /* test_units.cpp */,
				B5027F9319E437A300E78D4D /* testing_main.cpp */,
			);
			path = testing;
			sourceTree = "<group>";
		};
		B5027F9419E437A300E78D4D /* visitors */ = {
			isa = PBXGroup;
			children = (
				B5027F9519E437A300E78D4D /* csv_output_visitor.cpp */,
				B5027F9619E437A300E78D4D /* csv_outputstream_visitor.cpp */,
				B5027F9719E437A300E78D4D /* ini_restart_visitor.cpp */,
			);
			path = visitors;
			sourceTree = "<group>";
		};
/* End PBXGroup section */

/* Begin PBXNativeTarget section */
		B5027F1819E4378E00E78D4D /* hector */ = {
			isa = PBXNativeTarget;
			buildConfigurationList = B5027F2219E4378E00E78D4D /* Build configuration list for PBXNativeTarget "hector" */;
			buildPhases = (
				B5027F1519E4378E00E78D4D /* Sources */,
				B5027F1619E4378E00E78D4D /* Frameworks */,
				B5027F1719E4378E00E78D4D /* CopyFiles */,
			);
			buildRules = (
			);
			dependencies = (
			);
			name = hector;
			productName = hector;
			productReference = B5027F1919E4378E00E78D4D /* hector */;
			productType = "com.apple.product-type.tool";
		};
/* End PBXNativeTarget section */

/* Begin PBXProject section */
		B5027F1119E4378E00E78D4D /* Project object */ = {
			isa = PBXProject;
			attributes = {
				LastUpgradeCheck = 0510;
				ORGANIZATIONNAME = JGCRI;
			};
			buildConfigurationList = B5027F1419E4378E00E78D4D /* Build configuration list for PBXProject "hector" */;
			compatibilityVersion = "Xcode 3.2";
			developmentRegion = English;
			hasScannedForEncodings = 0;
			knownRegions = (
				en,
			);
			mainGroup = B5027F1019E4378E00E78D4D;
			productRefGroup = B5027F1A19E4378E00E78D4D /* Products */;
			projectDirPath = "";
			projectRoot = "";
			targets = (
				B5027F1819E4378E00E78D4D /* hector */,
			);
		};
/* End PBXProject section */

/* Begin PBXSourcesBuildPhase section */
		B5027F1519E4378E00E78D4D /* Sources */ = {
			isa = PBXSourcesBuildPhase;
			buildActionMask = 2147483647;
			files = (
				B5027FAC19E437A300E78D4D /* h_interpolator.cpp in Sources */,
				B5027F9D19E437A300E78D4D /* halocarbon_component.cpp in Sources */,
				B5027FBC19E437A300E78D4D /* carbon-cycle-model.cpp in Sources */,
				B5027FA119E437A300E78D4D /* oc_component.cpp in Sources */,
				B5027FA719E437A300E78D4D /* carbon-cycle-solver.cpp in Sources */,
				B5027FA419E437A300E78D4D /* slr_component.cpp in Sources */,
				B5027F9B19E437A300E78D4D /* dummy_model_component.cpp in Sources */,
				B5027F9A19E437A300E78D4D /* ch4_component.cpp in Sources */,
				B5027FAF19E437A300E78D4D /* unitval.cpp in Sources */,
				B5027F9F19E437A300E78D4D /* n2o_component.cpp in Sources */,
				B5027FB619E437A300E78D4D /* ini.c in Sources */,
				B5027FB419E437A300E78D4D /* ini_example.c in Sources */,
				B5027F9919E437A300E78D4D /* bc_component.cpp in Sources */,
				B5027FA619E437A300E78D4D /* temperature_component.cpp in Sources */,
				B5027FA219E437A300E78D4D /* ocean_component.cpp in Sources */,
				B5027FB219E437A300E78D4D /* ini_to_core_reader.cpp in Sources */,
				B5027FAE19E437A300E78D4D /* spline_forsythe.cpp in Sources */,
				B5027FCD19E437A300E78D4D /* csv_output_visitor.cpp in Sources */,
				B5027FBF19E437A300E78D4D /* oceanbox.cpp in Sources */,
				B5027FC019E437A300E78D4D /* simpleNbox.cpp in Sources */,
				B5027FBA19E437A300E78D4D /* main.cpp in Sources */,
				B5027FB719E437A300E78D4D /* INIReader.cpp in Sources */,
				B5027FAA19E437A300E78D4D /* logger.cpp in Sources */,
				B5027FA519E437A300E78D4D /* so2_component.cpp in Sources */,
				B5027FB319E437A300E78D4D /* ini_dump.c in Sources */,
				B5027FA319E437A300E78D4D /* onelineocean_component.cpp in Sources */,
				B5027FCF19E437A300E78D4D /* ini_restart_visitor.cpp in Sources */,
				B5027FA819E437A300E78D4D /* core.cpp in Sources */,
				B5027FB519E437A300E78D4D /* ini_xmacros.c in Sources */,
				B5027F9C19E437A300E78D4D /* forcing_component.cpp in Sources */,
				B5027FCE19E437A300E78D4D /* csv_outputstream_visitor.cpp in Sources */,
				B5027FBE19E437A300E78D4D /* ocean_csys.cpp in Sources */,
				B5027FA919E437A300E78D4D /* dependency_finder.cpp in Sources */,
				B5027FB019E437A300E78D4D /* csv_table_reader.cpp in Sources */,
				B5027FA019E437A300E78D4D /* o3_component.cpp in Sources */,
				B5027FB119E437A300E78D4D /* h_reader.cpp in Sources */,
			);
			runOnlyForDeploymentPostprocessing = 0;
		};
/* End PBXSourcesBuildPhase section */

/* Begin XCBuildConfiguration section */
		B5027F2019E4378E00E78D4D /* Debug */ = {
			isa = XCBuildConfiguration;
			buildSettings = {
				ALWAYS_SEARCH_USER_PATHS = YES;
				CLANG_CXX_LANGUAGE_STANDARD = "gnu++0x";
				CLANG_CXX_LIBRARY = "libc++";
				CLANG_ENABLE_MODULES = YES;
				CLANG_ENABLE_OBJC_ARC = YES;
				CLANG_WARN_BOOL_CONVERSION = YES;
				CLANG_WARN_CONSTANT_CONVERSION = YES;
				CLANG_WARN_DIRECT_OBJC_ISA_USAGE = YES_ERROR;
				CLANG_WARN_EMPTY_BODY = YES;
				CLANG_WARN_ENUM_CONVERSION = YES;
				CLANG_WARN_INT_CONVERSION = YES;
				CLANG_WARN_OBJC_ROOT_CLASS = YES_ERROR;
				CLANG_WARN__DUPLICATE_METHOD_MATCH = YES;
				COPY_PHASE_STRIP = NO;
				GCC_C_LANGUAGE_STANDARD = gnu99;
				GCC_DYNAMIC_NO_PIC = NO;
				GCC_ENABLE_OBJC_EXCEPTIONS = YES;
				GCC_OPTIMIZATION_LEVEL = 0;
				GCC_PREPROCESSOR_DEFINITIONS = (
					"DEBUG=1",
					"$(inherited)",
				);
				GCC_SYMBOLS_PRIVATE_EXTERN = NO;
				GCC_WARN_64_TO_32_BIT_CONVERSION = YES;
				GCC_WARN_ABOUT_RETURN_TYPE = YES_ERROR;
				GCC_WARN_UNDECLARED_SELECTOR = YES;
				GCC_WARN_UNINITIALIZED_AUTOS = YES_AGGRESSIVE;
				GCC_WARN_UNUSED_FUNCTION = YES;
				GCC_WARN_UNUSED_VARIABLE = YES;
				HEADER_SEARCH_PATHS = (
					"$(inherited)",
					/Applications/Xcode.app/Contents/Developer/Toolchains/XcodeDefault.xctoolchain/usr/include,
					/usr/local/lib/boost_1_52_0/,
					/usr/local/include/,
					"\"$(SRCROOT)/../../../headers/\"",
				);
				LIBRARY_SEARCH_PATHS = /usr/local/lib;
				MACOSX_DEPLOYMENT_TARGET = 10.8;
				ONLY_ACTIVE_ARCH = YES;
				OTHER_LDFLAGS = (
					"-lgsl",
					"-lgslcblas",
					"-lm",
				);
				SDKROOT = macosx10.8;
				USER_HEADER_SEARCH_PATHS = "";
			};
			name = Debug;
		};
		B5027F2119E4378E00E78D4D /* Release */ = {
			isa = XCBuildConfiguration;
			buildSettings = {
				ALWAYS_SEARCH_USER_PATHS = YES;
				CLANG_CXX_LANGUAGE_STANDARD = "gnu++0x";
				CLANG_CXX_LIBRARY = "libc++";
				CLANG_ENABLE_MODULES = YES;
				CLANG_ENABLE_OBJC_ARC = YES;
				CLANG_WARN_BOOL_CONVERSION = YES;
				CLANG_WARN_CONSTANT_CONVERSION = YES;
				CLANG_WARN_DIRECT_OBJC_ISA_USAGE = YES_ERROR;
				CLANG_WARN_EMPTY_BODY = YES;
				CLANG_WARN_ENUM_CONVERSION = YES;
				CLANG_WARN_INT_CONVERSION = YES;
				CLANG_WARN_OBJC_ROOT_CLASS = YES_ERROR;
				CLANG_WARN__DUPLICATE_METHOD_MATCH = YES;
				COPY_PHASE_STRIP = YES;
				DEBUG_INFORMATION_FORMAT = "dwarf-with-dsym";
				ENABLE_NS_ASSERTIONS = NO;
				GCC_C_LANGUAGE_STANDARD = gnu99;
				GCC_ENABLE_OBJC_EXCEPTIONS = YES;
				GCC_WARN_64_TO_32_BIT_CONVERSION = YES;
				GCC_WARN_ABOUT_RETURN_TYPE = YES_ERROR;
				GCC_WARN_UNDECLARED_SELECTOR = YES;
				GCC_WARN_UNINITIALIZED_AUTOS = YES_AGGRESSIVE;
				GCC_WARN_UNUSED_FUNCTION = YES;
				GCC_WARN_UNUSED_VARIABLE = YES;
				HEADER_SEARCH_PATHS = (
					"$(inherited)",
					/Applications/Xcode.app/Contents/Developer/Toolchains/XcodeDefault.xctoolchain/usr/include,
					/usr/local/lib/boost_1_52_0/,
					/usr/local/include/,
					"\"$(SRCROOT)/../../../headers/\"",
				);
				LIBRARY_SEARCH_PATHS = /usr/local/lib;
				MACOSX_DEPLOYMENT_TARGET = 10.8;
				OTHER_LDFLAGS = (
					"-lgsl",
					"-lgslcblas",
					"-lm",
				);
				SDKROOT = macosx10.8;
				USER_HEADER_SEARCH_PATHS = "";
			};
			name = Release;
		};
		B5027F2319E4378E00E78D4D /* Debug */ = {
			isa = XCBuildConfiguration;
			buildSettings = {
				PRODUCT_NAME = "$(TARGET_NAME)";
				SDKROOT = macosx10.8;
				USER_HEADER_SEARCH_PATHS = "";
			};
			name = Debug;
		};
		B5027F2419E4378E00E78D4D /* Release */ = {
			isa = XCBuildConfiguration;
			buildSettings = {
				PRODUCT_NAME = "$(TARGET_NAME)";
				SDKROOT = macosx10.8;
				USER_HEADER_SEARCH_PATHS = "";
			};
			name = Release;
		};
/* End XCBuildConfiguration section */

/* Begin XCConfigurationList section */
		B5027F1419E4378E00E78D4D /* Build configuration list for PBXProject "hector" */ = {
			isa = XCConfigurationList;
			buildConfigurations = (
				B5027F2019E4378E00E78D4D /* Debug */,
				B5027F2119E4378E00E78D4D /* Release */,
			);
			defaultConfigurationIsVisible = 0;
			defaultConfigurationName = Release;
		};
		B5027F2219E4378E00E78D4D /* Build configuration list for PBXNativeTarget "hector" */ = {
			isa = XCConfigurationList;
			buildConfigurations = (
				B5027F2319E4378E00E78D4D /* Debug */,
				B5027F2419E4378E00E78D4D /* Release */,
			);
			defaultConfigurationIsVisible = 0;
		};
/* End XCConfigurationList section */
	};
	rootObject = B5027F1119E4378E00E78D4D /* Project object */;
}
